
Microsoft Visual Studio Solution File, Format Version 12.00
# Visual Studio 15
VisualStudioVersion = 15.0.26206.0
MinimumVisualStudioVersion = 10.0.40219.1
Project("{FAE04EC0-301F-11D3-BF4B-00C04F79EFBC}") = "Trendyol.Core", "Trendyol.Core\Trendyol.Core.csproj", "{E92E3193-FA96-4D09-A49F-CB4C92B7EED6}"
EndProject
Project("{FAE04EC0-301F-11D3-BF4B-00C04F79EFBC}") = "Trendyol.UI", "Trendyol.UI\Trendyol.UI.csproj", "{EE711323-7CCC-40C4-A380-2CF47A9AB019}"
EndProject
Project("{FAE04EC0-301F-11D3-BF4B-00C04F79EFBC}") = "Trendyol.UnitTest", "Trendyol.UnitTest\Trendyol.UnitTest.csproj", "{DAC481B2-27D4-4550-9229-07D595C29EC4}"
EndProject
Global
	GlobalSection(SolutionConfigurationPlatforms) = preSolution
		Debug|Any CPU = Debug|Any CPU
		Release|Any CPU = Release|Any CPU
	EndGlobalSection
	GlobalSection(ProjectConfigurationPlatforms) = postSolution
		{E92E3193-FA96-4D09-A49F-CB4C92B7EED6}.Debug|Any CPU.ActiveCfg = Debug|Any CPU
		{E92E3193-FA96-4D09-A49F-CB4C92B7EED6}.Debug|Any CPU.Build.0 = Debug|Any CPU
		{E92E3193-FA96-4D09-A49F-CB4C92B7EED6}.Release|Any CPU.ActiveCfg = Release|Any CPU
		{E92E3193-FA96-4D09-A49F-CB4C92B7EED6}.Release|Any CPU.Build.0 = Release|Any CPU
		{EE711323-7CCC-40C4-A380-2CF47A9AB019}.Debug|Any CPU.ActiveCfg = Debug|Any CPU
		{EE711323-7CCC-40C4-A380-2CF47A9AB019}.Debug|Any CPU.Build.0 = Debug|Any CPU
		{EE711323-7CCC-40C4-A380-2CF47A9AB019}.Release|Any CPU.ActiveCfg = Release|Any CPU
		{EE711323-7CCC-40C4-A380-2CF47A9AB019}.Release|Any CPU.Build.0 = Release|Any CPU
		{DAC481B2-27D4-4550-9229-07D595C29EC4}.Debug|Any CPU.ActiveCfg = Debug|Any CPU
		{DAC481B2-27D4-4550-9229-07D595C29EC4}.Debug|Any CPU.Build.0 = Debug|Any CPU
		{DAC481B2-27D4-4550-9229-07D595C29EC4}.Release|Any CPU.ActiveCfg = Release|Any CPU
		{DAC481B2-27D4-4550-9229-07D595C29EC4}.Release|Any CPU.Build.0 = Release|Any CPU
	EndGlobalSection
	GlobalSection(SolutionProperties) = preSolution
		HideSolutionNode = FALSE
	EndGlobalSection
EndGlobal
